
Microsoft Visual Studio Solution File, Format Version 12.00
# Visual Studio Express 2013 for Web
VisualStudioVersion = 12.0.20827.3
MinimumVisualStudioVersion = 10.0.40219.1
Project("{FAE04EC0-301F-11D3-BF4B-00C04F79EFBC}") = "WooSuite", "WooSuite.csproj", "{58472F1B-C438-437A-AEB6-0218118D1F9D}"
EndProject
Global
	GlobalSection(SolutionConfigurationPlatforms) = preSolution
		Debug|Any CPU = Debug|Any CPU
		Release|Any CPU = Release|Any CPU
	EndGlobalSection
	GlobalSection(ProjectConfigurationPlatforms) = postSolution
		{58472F1B-C438-437A-AEB6-0218118D1F9D}.Debug|Any CPU.ActiveCfg = Debug|Any CPU
		{58472F1B-C438-437A-AEB6-0218118D1F9D}.Debug|Any CPU.Build.0 = Debug|Any CPU
		{58472F1B-C438-437A-AEB6-0218118D1F9D}.Release|Any CPU.ActiveCfg = Release|Any CPU
		{58472F1B-C438-437A-AEB6-0218118D1F9D}.Release|Any CPU.Build.0 = Release|Any CPU
	EndGlobalSection
	GlobalSection(SolutionProperties) = preSolution
		HideSolutionNode = FALSE
	EndGlobalSection
EndGlobal
