
Microsoft Visual Studio Solution File, Format Version 11.00
# Visual Studio 2010
Project("{FAE04EC0-301F-11D3-BF4B-00C04F79EFBC}") = "SocioBoard", "SocioBoard\SocioBoard.csproj", "{489126F9-9C92-4F3B-8643-F698F4A0C737}"
EndProject
Project("{FAE04EC0-301F-11D3-BF4B-00C04F79EFBC}") = "SocioBoardScheduler", "SocioBoardScheduler\SocioBoardScheduler.csproj", "{7776A6FA-DA0B-4F93-9C24-7A494C6A0749}"
EndProject
Project("{FAE04EC0-301F-11D3-BF4B-00C04F79EFBC}") = "SocioboardDataService", "SocialSiteDataService\SocioboardDataService.csproj", "{A5AE6F7A-20EC-47FC-B8DF-98C93D807C4B}"
EndProject
Project("{FAE04EC0-301F-11D3-BF4B-00C04F79EFBC}") = "GlobusGooglePlusLib", "SocioBoard\Library\GlobusGooglePlusLib\GlobusGooglePlusLib.csproj", "{910F101C-C7E0-47F9-BCB6-CD793362E818}"
EndProject
Project("{FAE04EC0-301F-11D3-BF4B-00C04F79EFBC}") = "GlobusInstagramLib", "SocioBoard\Library\GlobusInstagramLib\GlobusInstagramLib\GlobusInstagramLib.csproj", "{FC2E4794-2CB4-4AAA-A0AD-5483C931B3F0}"
EndProject
Project("{FAE04EC0-301F-11D3-BF4B-00C04F79EFBC}") = "GlobusLinkedinLib", "SocioBoard\Library\GlobusLinkedinLib\GlobusLinkedinLib.csproj", "{DB6AB2D5-8BDD-46C5-AB04-E8313FA19007}"
EndProject
Project("{FAE04EC0-301F-11D3-BF4B-00C04F79EFBC}") = "GlobusMailLib", "SocioBoard\Library\GlobusMailLib\GlobusMailLib.csproj", "{F0A38425-5313-4E83-9568-B6D9C1D6EFA6}"
EndProject
Project("{FAE04EC0-301F-11D3-BF4B-00C04F79EFBC}") = "GlobusTumblrLib", "SocioBoard\Library\GlobusTumblerLib\GlobusTumblrLib.csproj", "{F22FCE49-27E9-4ECA-B6F6-C39A8707DF59}"
EndProject
Project("{FAE04EC0-301F-11D3-BF4B-00C04F79EFBC}") = "GlobusTwitterLib", "SocioBoard\Library\GlobusTwitterLib\GlobusTwitterLib.csproj", "{7051E5B4-23D1-4C8F-A459-D66AD79BCDF9}"
EndProject
Project("{FAE04EC0-301F-11D3-BF4B-00C04F79EFBC}") = "CloudSpongeLib", "SocioBoard\Library\CloudSpongeLib\CloudSpongeLib.csproj", "{E743EEE5-2A52-4ADF-ADC6-F4B6BF6CFAEA}"
EndProject
Global
	GlobalSection(SolutionConfigurationPlatforms) = preSolution
		Debug|Any CPU = Debug|Any CPU
		Debug|Mixed Platforms = Debug|Mixed Platforms
		Debug|x64 = Debug|x64
		Debug|x86 = Debug|x86
		Release|Any CPU = Release|Any CPU
		Release|Mixed Platforms = Release|Mixed Platforms
		Release|x64 = Release|x64
		Release|x86 = Release|x86
	EndGlobalSection
	GlobalSection(ProjectConfigurationPlatforms) = postSolution
		{489126F9-9C92-4F3B-8643-F698F4A0C737}.Debug|Any CPU.ActiveCfg = Debug|Any CPU
		{489126F9-9C92-4F3B-8643-F698F4A0C737}.Debug|Any CPU.Build.0 = Debug|Any CPU
		{489126F9-9C92-4F3B-8643-F698F4A0C737}.Debug|Mixed Platforms.ActiveCfg = Debug|Any CPU
		{489126F9-9C92-4F3B-8643-F698F4A0C737}.Debug|Mixed Platforms.Build.0 = Debug|Any CPU
		{489126F9-9C92-4F3B-8643-F698F4A0C737}.Debug|x64.ActiveCfg = Debug|Any CPU
		{489126F9-9C92-4F3B-8643-F698F4A0C737}.Debug|x86.ActiveCfg = Debug|Any CPU
		{489126F9-9C92-4F3B-8643-F698F4A0C737}.Release|Any CPU.ActiveCfg = Release|Any CPU
		{489126F9-9C92-4F3B-8643-F698F4A0C737}.Release|Any CPU.Build.0 = Release|Any CPU
		{489126F9-9C92-4F3B-8643-F698F4A0C737}.Release|Mixed Platforms.ActiveCfg = Release|Any CPU
		{489126F9-9C92-4F3B-8643-F698F4A0C737}.Release|Mixed Platforms.Build.0 = Release|Any CPU
		{489126F9-9C92-4F3B-8643-F698F4A0C737}.Release|x64.ActiveCfg = Release|Any CPU
		{489126F9-9C92-4F3B-8643-F698F4A0C737}.Release|x86.ActiveCfg = Release|Any CPU
		{7776A6FA-DA0B-4F93-9C24-7A494C6A0749}.Debug|Any CPU.ActiveCfg = Debug|x86
		{7776A6FA-DA0B-4F93-9C24-7A494C6A0749}.Debug|Mixed Platforms.ActiveCfg = Debug|x86
		{7776A6FA-DA0B-4F93-9C24-7A494C6A0749}.Debug|Mixed Platforms.Build.0 = Debug|x86
		{7776A6FA-DA0B-4F93-9C24-7A494C6A0749}.Debug|x64.ActiveCfg = Debug|x86
		{7776A6FA-DA0B-4F93-9C24-7A494C6A0749}.Debug|x86.ActiveCfg = Debug|x86
		{7776A6FA-DA0B-4F93-9C24-7A494C6A0749}.Debug|x86.Build.0 = Debug|x86
		{7776A6FA-DA0B-4F93-9C24-7A494C6A0749}.Release|Any CPU.ActiveCfg = Release|x86
		{7776A6FA-DA0B-4F93-9C24-7A494C6A0749}.Release|Mixed Platforms.ActiveCfg = Release|x86
		{7776A6FA-DA0B-4F93-9C24-7A494C6A0749}.Release|Mixed Platforms.Build.0 = Release|x86
		{7776A6FA-DA0B-4F93-9C24-7A494C6A0749}.Release|x64.ActiveCfg = Release|x86
		{7776A6FA-DA0B-4F93-9C24-7A494C6A0749}.Release|x86.ActiveCfg = Release|x86
		{7776A6FA-DA0B-4F93-9C24-7A494C6A0749}.Release|x86.Build.0 = Release|x86
		{A5AE6F7A-20EC-47FC-B8DF-98C93D807C4B}.Debug|Any CPU.ActiveCfg = Debug|x86
		{A5AE6F7A-20EC-47FC-B8DF-98C93D807C4B}.Debug|Mixed Platforms.ActiveCfg = Debug|x86
		{A5AE6F7A-20EC-47FC-B8DF-98C93D807C4B}.Debug|Mixed Platforms.Build.0 = Debug|x86
		{A5AE6F7A-20EC-47FC-B8DF-98C93D807C4B}.Debug|x64.ActiveCfg = Debug|x86
		{A5AE6F7A-20EC-47FC-B8DF-98C93D807C4B}.Debug|x86.ActiveCfg = Debug|x86
		{A5AE6F7A-20EC-47FC-B8DF-98C93D807C4B}.Debug|x86.Build.0 = Debug|x86
		{A5AE6F7A-20EC-47FC-B8DF-98C93D807C4B}.Release|Any CPU.ActiveCfg = Release|x86
		{A5AE6F7A-20EC-47FC-B8DF-98C93D807C4B}.Release|Mixed Platforms.ActiveCfg = Release|x86
		{A5AE6F7A-20EC-47FC-B8DF-98C93D807C4B}.Release|Mixed Platforms.Build.0 = Release|x86
		{A5AE6F7A-20EC-47FC-B8DF-98C93D807C4B}.Release|x64.ActiveCfg = Release|x86
		{A5AE6F7A-20EC-47FC-B8DF-98C93D807C4B}.Release|x86.ActiveCfg = Release|x86
		{A5AE6F7A-20EC-47FC-B8DF-98C93D807C4B}.Release|x86.Build.0 = Release|x86
		{910F101C-C7E0-47F9-BCB6-CD793362E818}.Debug|Any CPU.ActiveCfg = Debug|Any CPU
		{910F101C-C7E0-47F9-BCB6-CD793362E818}.Debug|Any CPU.Build.0 = Debug|Any CPU
		{910F101C-C7E0-47F9-BCB6-CD793362E818}.Debug|Mixed Platforms.ActiveCfg = Debug|Any CPU
		{910F101C-C7E0-47F9-BCB6-CD793362E818}.Debug|Mixed Platforms.Build.0 = Debug|Any CPU
		{910F101C-C7E0-47F9-BCB6-CD793362E818}.Debug|x64.ActiveCfg = Debug|Any CPU
		{910F101C-C7E0-47F9-BCB6-CD793362E818}.Debug|x86.ActiveCfg = Debug|Any CPU
		{910F101C-C7E0-47F9-BCB6-CD793362E818}.Release|Any CPU.ActiveCfg = Release|Any CPU
		{910F101C-C7E0-47F9-BCB6-CD793362E818}.Release|Any CPU.Build.0 = Release|Any CPU
		{910F101C-C7E0-47F9-BCB6-CD793362E818}.Release|Mixed Platforms.ActiveCfg = Release|Any CPU
		{910F101C-C7E0-47F9-BCB6-CD793362E818}.Release|Mixed Platforms.Build.0 = Release|Any CPU
		{910F101C-C7E0-47F9-BCB6-CD793362E818}.Release|x64.ActiveCfg = Release|Any CPU
		{910F101C-C7E0-47F9-BCB6-CD793362E818}.Release|x86.ActiveCfg = Release|Any CPU
		{FC2E4794-2CB4-4AAA-A0AD-5483C931B3F0}.Debug|Any CPU.ActiveCfg = Debug|Any CPU
		{FC2E4794-2CB4-4AAA-A0AD-5483C931B3F0}.Debug|Any CPU.Build.0 = Debug|Any CPU
		{FC2E4794-2CB4-4AAA-A0AD-5483C931B3F0}.Debug|Mixed Platforms.ActiveCfg = Debug|Any CPU
		{FC2E4794-2CB4-4AAA-A0AD-5483C931B3F0}.Debug|Mixed Platforms.Build.0 = Debug|Any CPU
		{FC2E4794-2CB4-4AAA-A0AD-5483C931B3F0}.Debug|x64.ActiveCfg = Debug|Any CPU
		{FC2E4794-2CB4-4AAA-A0AD-5483C931B3F0}.Debug|x86.ActiveCfg = Debug|Any CPU
		{FC2E4794-2CB4-4AAA-A0AD-5483C931B3F0}.Release|Any CPU.ActiveCfg = Release|Any CPU
		{FC2E4794-2CB4-4AAA-A0AD-5483C931B3F0}.Release|Any CPU.Build.0 = Release|Any CPU
		{FC2E4794-2CB4-4AAA-A0AD-5483C931B3F0}.Release|Mixed Platforms.ActiveCfg = Release|Any CPU
		{FC2E4794-2CB4-4AAA-A0AD-5483C931B3F0}.Release|Mixed Platforms.Build.0 = Release|Any CPU
		{FC2E4794-2CB4-4AAA-A0AD-5483C931B3F0}.Release|x64.ActiveCfg = Release|Any CPU
		{FC2E4794-2CB4-4AAA-A0AD-5483C931B3F0}.Release|x86.ActiveCfg = Release|Any CPU
		{DB6AB2D5-8BDD-46C5-AB04-E8313FA19007}.Debug|Any CPU.ActiveCfg = Debug|Any CPU
		{DB6AB2D5-8BDD-46C5-AB04-E8313FA19007}.Debug|Any CPU.Build.0 = Debug|Any CPU
		{DB6AB2D5-8BDD-46C5-AB04-E8313FA19007}.Debug|Mixed Platforms.ActiveCfg = Debug|Any CPU
		{DB6AB2D5-8BDD-46C5-AB04-E8313FA19007}.Debug|Mixed Platforms.Build.0 = Debug|Any CPU
		{DB6AB2D5-8BDD-46C5-AB04-E8313FA19007}.Debug|x64.ActiveCfg = Debug|Any CPU
		{DB6AB2D5-8BDD-46C5-AB04-E8313FA19007}.Debug|x86.ActiveCfg = Debug|Any CPU
		{DB6AB2D5-8BDD-46C5-AB04-E8313FA19007}.Release|Any CPU.ActiveCfg = Release|Any CPU
		{DB6AB2D5-8BDD-46C5-AB04-E8313FA19007}.Release|Any CPU.Build.0 = Release|Any CPU
		{DB6AB2D5-8BDD-46C5-AB04-E8313FA19007}.Release|Mixed Platforms.ActiveCfg = Release|Any CPU
		{DB6AB2D5-8BDD-46C5-AB04-E8313FA19007}.Release|Mixed Platforms.Build.0 = Release|Any CPU
		{DB6AB2D5-8BDD-46C5-AB04-E8313FA19007}.Release|x64.ActiveCfg = Release|Any CPU
		{DB6AB2D5-8BDD-46C5-AB04-E8313FA19007}.Release|x86.ActiveCfg = Release|Any CPU
		{F0A38425-5313-4E83-9568-B6D9C1D6EFA6}.Debug|Any CPU.ActiveCfg = Debug|Any CPU
		{F0A38425-5313-4E83-9568-B6D9C1D6EFA6}.Debug|Any CPU.Build.0 = Debug|Any CPU
		{F0A38425-5313-4E83-9568-B6D9C1D6EFA6}.Debug|Mixed Platforms.ActiveCfg = Debug|x64
		{F0A38425-5313-4E83-9568-B6D9C1D6EFA6}.Debug|Mixed Platforms.Build.0 = Debug|x64
		{F0A38425-5313-4E83-9568-B6D9C1D6EFA6}.Debug|x64.ActiveCfg = Debug|x64
		{F0A38425-5313-4E83-9568-B6D9C1D6EFA6}.Debug|x64.Build.0 = Debug|x64
		{F0A38425-5313-4E83-9568-B6D9C1D6EFA6}.Debug|x86.ActiveCfg = Debug|x64
		{F0A38425-5313-4E83-9568-B6D9C1D6EFA6}.Release|Any CPU.ActiveCfg = Release|Any CPU
		{F0A38425-5313-4E83-9568-B6D9C1D6EFA6}.Release|Any CPU.Build.0 = Release|Any CPU
		{F0A38425-5313-4E83-9568-B6D9C1D6EFA6}.Release|Mixed Platforms.ActiveCfg = Release|x64
		{F0A38425-5313-4E83-9568-B6D9C1D6EFA6}.Release|Mixed Platforms.Build.0 = Release|x64
		{F0A38425-5313-4E83-9568-B6D9C1D6EFA6}.Release|x64.ActiveCfg = Release|x64
		{F0A38425-5313-4E83-9568-B6D9C1D6EFA6}.Release|x64.Build.0 = Release|x64
		{F0A38425-5313-4E83-9568-B6D9C1D6EFA6}.Release|x86.ActiveCfg = Release|x64
		{F22FCE49-27E9-4ECA-B6F6-C39A8707DF59}.Debug|Any CPU.ActiveCfg = Debug|Any CPU
		{F22FCE49-27E9-4ECA-B6F6-C39A8707DF59}.Debug|Any CPU.Build.0 = Debug|Any CPU
		{F22FCE49-27E9-4ECA-B6F6-C39A8707DF59}.Debug|Mixed Platforms.ActiveCfg = Debug|Any CPU
		{F22FCE49-27E9-4ECA-B6F6-C39A8707DF59}.Debug|Mixed Platforms.Build.0 = Debug|Any CPU
		{F22FCE49-27E9-4ECA-B6F6-C39A8707DF59}.Debug|x64.ActiveCfg = Debug|Any CPU
		{F22FCE49-27E9-4ECA-B6F6-C39A8707DF59}.Debug|x86.ActiveCfg = Debug|Any CPU
		{F22FCE49-27E9-4ECA-B6F6-C39A8707DF59}.Release|Any CPU.ActiveCfg = Release|Any CPU
		{F22FCE49-27E9-4ECA-B6F6-C39A8707DF59}.Release|Any CPU.Build.0 = Release|Any CPU
		{F22FCE49-27E9-4ECA-B6F6-C39A8707DF59}.Release|Mixed Platforms.ActiveCfg = Release|Any CPU
		{F22FCE49-27E9-4ECA-B6F6-C39A8707DF59}.Release|Mixed Platforms.Build.0 = Release|Any CPU
		{F22FCE49-27E9-4ECA-B6F6-C39A8707DF59}.Release|x64.ActiveCfg = Release|Any CPU
		{F22FCE49-27E9-4ECA-B6F6-C39A8707DF59}.Release|x86.ActiveCfg = Release|Any CPU
		{7051E5B4-23D1-4C8F-A459-D66AD79BCDF9}.Debug|Any CPU.ActiveCfg = Debug|Any CPU
		{7051E5B4-23D1-4C8F-A459-D66AD79BCDF9}.Debug|Any CPU.Build.0 = Debug|Any CPU
		{7051E5B4-23D1-4C8F-A459-D66AD79BCDF9}.Debug|Mixed Platforms.ActiveCfg = Debug|Any CPU
		{7051E5B4-23D1-4C8F-A459-D66AD79BCDF9}.Debug|Mixed Platforms.Build.0 = Debug|Any CPU
		{7051E5B4-23D1-4C8F-A459-D66AD79BCDF9}.Debug|x64.ActiveCfg = Debug|Any CPU
		{7051E5B4-23D1-4C8F-A459-D66AD79BCDF9}.Debug|x86.ActiveCfg = Debug|Any CPU
		{7051E5B4-23D1-4C8F-A459-D66AD79BCDF9}.Release|Any CPU.ActiveCfg = Release|Any CPU
		{7051E5B4-23D1-4C8F-A459-D66AD79BCDF9}.Release|Any CPU.Build.0 = Release|Any CPU
		{7051E5B4-23D1-4C8F-A459-D66AD79BCDF9}.Release|Mixed Platforms.ActiveCfg = Release|Any CPU
		{7051E5B4-23D1-4C8F-A459-D66AD79BCDF9}.Release|Mixed Platforms.Build.0 = Release|Any CPU
		{7051E5B4-23D1-4C8F-A459-D66AD79BCDF9}.Release|x64.ActiveCfg = Release|Any CPU
		{7051E5B4-23D1-4C8F-A459-D66AD79BCDF9}.Release|x86.ActiveCfg = Release|Any CPU
		{E743EEE5-2A52-4ADF-ADC6-F4B6BF6CFAEA}.Debug|Any CPU.ActiveCfg = Debug|Any CPU
		{E743EEE5-2A52-4ADF-ADC6-F4B6BF6CFAEA}.Debug|Any CPU.Build.0 = Debug|Any CPU
		{E743EEE5-2A52-4ADF-ADC6-F4B6BF6CFAEA}.Debug|Mixed Platforms.ActiveCfg = Debug|Any CPU
		{E743EEE5-2A52-4ADF-ADC6-F4B6BF6CFAEA}.Debug|Mixed Platforms.Build.0 = Debug|Any CPU
		{E743EEE5-2A52-4ADF-ADC6-F4B6BF6CFAEA}.Debug|x64.ActiveCfg = Debug|Any CPU
		{E743EEE5-2A52-4ADF-ADC6-F4B6BF6CFAEA}.Debug|x86.ActiveCfg = Debug|Any CPU
		{E743EEE5-2A52-4ADF-ADC6-F4B6BF6CFAEA}.Release|Any CPU.ActiveCfg = Release|Any CPU
		{E743EEE5-2A52-4ADF-ADC6-F4B6BF6CFAEA}.Release|Any CPU.Build.0 = Release|Any CPU
		{E743EEE5-2A52-4ADF-ADC6-F4B6BF6CFAEA}.Release|Mixed Platforms.ActiveCfg = Release|Any CPU
		{E743EEE5-2A52-4ADF-ADC6-F4B6BF6CFAEA}.Release|Mixed Platforms.Build.0 = Release|Any CPU
		{E743EEE5-2A52-4ADF-ADC6-F4B6BF6CFAEA}.Release|x64.ActiveCfg = Release|Any CPU
		{E743EEE5-2A52-4ADF-ADC6-F4B6BF6CFAEA}.Release|x86.ActiveCfg = Release|Any CPU
	EndGlobalSection
	GlobalSection(SolutionProperties) = preSolution
		HideSolutionNode = FALSE
	EndGlobalSection
EndGlobal
